// !$*UTF8*$!
{
	archiveVersion = 1;
	classes = {
	};
	objectVersion = 50;
	objects = {

/* Begin PBXBuildFile section */
		1B378C6E2518D03600E4A813 /* RPEmptyStateView.swift in Sources */ = {isa = PBXBuildFile; fileRef = 1B378C6D2518D03600E4A813 /* RPEmptyStateView.swift */; };
		1B378C712519EBFE00E4A813 /* UserInfoController.swift in Sources */ = {isa = PBXBuildFile; fileRef = 1B378C702519EBFE00E4A813 /* UserInfoController.swift */; };
		1B378C74251A048000E4A813 /* RPSecondaryTitleLable.swift in Sources */ = {isa = PBXBuildFile; fileRef = 1B378C73251A048000E4A813 /* RPSecondaryTitleLable.swift */; };
		1B378C77251A05A800E4A813 /* UIserInfoHeaderController.swift in Sources */ = {isa = PBXBuildFile; fileRef = 1B378C76251A05A800E4A813 /* UIserInfoHeaderController.swift */; };
		1B378C7A251A086800E4A813 /* SFSymbols.swift in Sources */ = {isa = PBXBuildFile; fileRef = 1B378C79251A086800E4A813 /* SFSymbols.swift */; };
		1B55378E25188A2800046B46 /* UIHelper.swift in Sources */ = {isa = PBXBuildFile; fileRef = 1B55378D25188A2800046B46 /* UIHelper.swift */; };
		1B7A997A251A91B4007D6E4B /* RPItemInfoView.swift in Sources */ = {isa = PBXBuildFile; fileRef = 1B7A9979251A91B4007D6E4B /* RPItemInfoView.swift */; };
		1B7A997D251B6A3B007D6E4B /* RPInfoViewController.swift in Sources */ = {isa = PBXBuildFile; fileRef = 1B7A997C251B6A3B007D6E4B /* RPInfoViewController.swift */; };
		1B9012D2251B710E00380D4F /* RPRepoItemController.swift in Sources */ = {isa = PBXBuildFile; fileRef = 1B9012D1251B710E00380D4F /* RPRepoItemController.swift */; };
		1B9012D5251B738600380D4F /* RPFollowerItemController.swift in Sources */ = {isa = PBXBuildFile; fileRef = 1B9012D4251B738600380D4F /* RPFollowerItemController.swift */; };
		1B9012D8251BEB7D00380D4F /* Date+Ext.swift in Sources */ = {isa = PBXBuildFile; fileRef = 1B9012D7251BEB7D00380D4F /* Date+Ext.swift */; };
		1B9012DB251CD9C500380D4F /* PersistanceManager.swift in Sources */ = {isa = PBXBuildFile; fileRef = 1B9012DA251CD9C500380D4F /* PersistanceManager.swift */; };
		1BD479F9251E20EB005497BE /* ScreenSize.swift in Sources */ = {isa = PBXBuildFile; fileRef = 1BD479F8251E20EB005497BE /* ScreenSize.swift */; };
		1BD479FD251F3168005497BE /* FollowerListController+Ext.swift in Sources */ = {isa = PBXBuildFile; fileRef = 1BD479FC251F3168005497BE /* FollowerListController+Ext.swift */; };
		1BD47A00251F3231005497BE /* FavouritesController+Ext.swift in Sources */ = {isa = PBXBuildFile; fileRef = 1BD479FF251F3231005497BE /* FavouritesController+Ext.swift */; };
		1BDB59BF2511FFDE00931C90 /* AppDelegate.swift in Sources */ = {isa = PBXBuildFile; fileRef = 1BDB59BE2511FFDE00931C90 /* AppDelegate.swift */; };
		1BDB59C12511FFDE00931C90 /* SceneDelegate.swift in Sources */ = {isa = PBXBuildFile; fileRef = 1BDB59C02511FFDE00931C90 /* SceneDelegate.swift */; };
		1BDB59C32511FFDE00931C90 /* ViewController.swift in Sources */ = {isa = PBXBuildFile; fileRef = 1BDB59C22511FFDE00931C90 /* ViewController.swift */; };
		1BDB59C82511FFDF00931C90 /* Assets.xcassets in Resources */ = {isa = PBXBuildFile; fileRef = 1BDB59C72511FFDF00931C90 /* Assets.xcassets */; };
		1BDB59CB2511FFDF00931C90 /* LaunchScreen.storyboard in Resources */ = {isa = PBXBuildFile; fileRef = 1BDB59C92511FFDF00931C90 /* LaunchScreen.storyboard */; };
		1BDB59D6251212EC00931C90 /* MainTabBarController.swift in Sources */ = {isa = PBXBuildFile; fileRef = 1BDB59D5251212EC00931C90 /* MainTabBarController.swift */; };
		1BDB59D8251214FF00931C90 /* SearchController.swift in Sources */ = {isa = PBXBuildFile; fileRef = 1BDB59D7251214FF00931C90 /* SearchController.swift */; };
		1BDB59DA2512151300931C90 /* FavouritesController.swift in Sources */ = {isa = PBXBuildFile; fileRef = 1BDB59D92512151300931C90 /* FavouritesController.swift */; };
		1BDB59DD2512302200931C90 /* RPUIButton.swift in Sources */ = {isa = PBXBuildFile; fileRef = 1BDB59DC2512302200931C90 /* RPUIButton.swift */; };
		1BDB59DF2512302F00931C90 /* RPUITextfield.swift in Sources */ = {isa = PBXBuildFile; fileRef = 1BDB59DE2512302F00931C90 /* RPUITextfield.swift */; };
		1BDB59E22512593400931C90 /* Types.swift in Sources */ = {isa = PBXBuildFile; fileRef = 1BDB59E12512593400931C90 /* Types.swift */; };
		1BDB59E42513426400931C90 /* FollowerListController.swift in Sources */ = {isa = PBXBuildFile; fileRef = 1BDB59E32513426400931C90 /* FollowerListController.swift */; };
		1BDB59E72513496800931C90 /* String+Ext.swift in Sources */ = {isa = PBXBuildFile; fileRef = 1BDB59E62513496800931C90 /* String+Ext.swift */; };
		1BDB59E92513518700931C90 /* RPTitleLable.swift in Sources */ = {isa = PBXBuildFile; fileRef = 1BDB59E82513518700931C90 /* RPTitleLable.swift */; };
		1BDB59EB251352E500931C90 /* RPBodyLable.swift in Sources */ = {isa = PBXBuildFile; fileRef = 1BDB59EA251352E500931C90 /* RPBodyLable.swift */; };
		1BDB59ED2513547F00931C90 /* RPAlertController.swift in Sources */ = {isa = PBXBuildFile; fileRef = 1BDB59EC2513547F00931C90 /* RPAlertController.swift */; };
		1BDB59EF2513737400931C90 /* UIViewController+Ext.swift in Sources */ = {isa = PBXBuildFile; fileRef = 1BDB59EE2513737400931C90 /* UIViewController+Ext.swift */; };
		1BDB59F32513A61700931C90 /* Users.swift in Sources */ = {isa = PBXBuildFile; fileRef = 1BDB59F22513A61700931C90 /* Users.swift */; };
		1BDB59F62513ADED00931C90 /* NetworkManager.swift in Sources */ = {isa = PBXBuildFile; fileRef = 1BDB59F52513ADED00931C90 /* NetworkManager.swift */; };
		1BDB59F82513AE1900931C90 /* Constants.swift in Sources */ = {isa = PBXBuildFile; fileRef = 1BDB59F72513AE1900931C90 /* Constants.swift */; };
		1BDB59FB25149AFC00931C90 /* ErrorMessages.swift in Sources */ = {isa = PBXBuildFile; fileRef = 1BDB59FA25149AFC00931C90 /* ErrorMessages.swift */; };
		1BDB59FD2514ABB800931C90 /* BaseListController.swift in Sources */ = {isa = PBXBuildFile; fileRef = 1BDB59FC2514ABB800931C90 /* BaseListController.swift */; };
		1BDB59FF2514B3F500931C90 /* CustomFollowerCell.swift in Sources */ = {isa = PBXBuildFile; fileRef = 1BDB59FE2514B3F500931C90 /* CustomFollowerCell.swift */; };
		1BDB5A012514B47600931C90 /* RPImageView.swift in Sources */ = {isa = PBXBuildFile; fileRef = 1BDB5A002514B47600931C90 /* RPImageView.swift */; };
		1BDB5A042514B95800931C90 /* ConfigureCell.swift in Sources */ = {isa = PBXBuildFile; fileRef = 1BDB5A032514B95800931C90 /* ConfigureCell.swift */; };
		1BDB5A062514E82000931C90 /* Follower.swift in Sources */ = {isa = PBXBuildFile; fileRef = 1BDB5A052514E82000931C90 /* Follower.swift */; };
		1BF6A687251DCC9D005235E3 /* CustomFavouriteCell.swift in Sources */ = {isa = PBXBuildFile; fileRef = 1BF6A686251DCC9D005235E3 /* CustomFavouriteCell.swift */; };
/* End PBXBuildFile section */

/* Begin PBXFileReference section */
		1B378C6D2518D03600E4A813 /* RPEmptyStateView.swift */ = {isa = PBXFileReference; lastKnownFileType = sourcecode.swift; path = RPEmptyStateView.swift; sourceTree = "<group>"; };
		1B378C702519EBFE00E4A813 /* UserInfoController.swift */ = {isa = PBXFileReference; lastKnownFileType = sourcecode.swift; path = UserInfoController.swift; sourceTree = "<group>"; };
		1B378C73251A048000E4A813 /* RPSecondaryTitleLable.swift */ = {isa = PBXFileReference; lastKnownFileType = sourcecode.swift; path = RPSecondaryTitleLable.swift; sourceTree = "<group>"; };
		1B378C76251A05A800E4A813 /* UIserInfoHeaderController.swift */ = {isa = PBXFileReference; lastKnownFileType = sourcecode.swift; path = UIserInfoHeaderController.swift; sourceTree = "<group>"; };
		1B378C79251A086800E4A813 /* SFSymbols.swift */ = {isa = PBXFileReference; lastKnownFileType = sourcecode.swift; path = SFSymbols.swift; sourceTree = "<group>"; };
		1B55378D25188A2800046B46 /* UIHelper.swift */ = {isa = PBXFileReference; lastKnownFileType = sourcecode.swift; path = UIHelper.swift; sourceTree = "<group>"; };
		1B7A9979251A91B4007D6E4B /* RPItemInfoView.swift */ = {isa = PBXFileReference; lastKnownFileType = sourcecode.swift; path = RPItemInfoView.swift; sourceTree = "<group>"; };
		1B7A997C251B6A3B007D6E4B /* RPInfoViewController.swift */ = {isa = PBXFileReference; lastKnownFileType = sourcecode.swift; path = RPInfoViewController.swift; sourceTree = "<group>"; };
		1B9012D1251B710E00380D4F /* RPRepoItemController.swift */ = {isa = PBXFileReference; lastKnownFileType = sourcecode.swift; path = RPRepoItemController.swift; sourceTree = "<group>"; };
		1B9012D4251B738600380D4F /* RPFollowerItemController.swift */ = {isa = PBXFileReference; lastKnownFileType = sourcecode.swift; path = RPFollowerItemController.swift; sourceTree = "<group>"; };
		1B9012D7251BEB7D00380D4F /* Date+Ext.swift */ = {isa = PBXFileReference; lastKnownFileType = sourcecode.swift; path = "Date+Ext.swift"; sourceTree = "<group>"; };
		1B9012DA251CD9C500380D4F /* PersistanceManager.swift */ = {isa = PBXFileReference; lastKnownFileType = sourcecode.swift; path = PersistanceManager.swift; sourceTree = "<group>"; };
		1BD479F8251E20EB005497BE /* ScreenSize.swift */ = {isa = PBXFileReference; lastKnownFileType = sourcecode.swift; path = ScreenSize.swift; sourceTree = "<group>"; };
		1BD479FC251F3168005497BE /* FollowerListController+Ext.swift */ = {isa = PBXFileReference; lastKnownFileType = sourcecode.swift; path = "FollowerListController+Ext.swift"; sourceTree = "<group>"; };
		1BD479FF251F3231005497BE /* FavouritesController+Ext.swift */ = {isa = PBXFileReference; lastKnownFileType = sourcecode.swift; path = "FavouritesController+Ext.swift"; sourceTree = "<group>"; };
		1BDB59BB2511FFDE00931C90 /* TheGitHubPeoplApp.app */ = {isa = PBXFileReference; explicitFileType = wrapper.application; includeInIndex = 0; path = TheGitHubPeoplApp.app; sourceTree = BUILT_PRODUCTS_DIR; };
		1BDB59BE2511FFDE00931C90 /* AppDelegate.swift */ = {isa = PBXFileReference; lastKnownFileType = sourcecode.swift; path = AppDelegate.swift; sourceTree = "<group>"; };
		1BDB59C02511FFDE00931C90 /* SceneDelegate.swift */ = {isa = PBXFileReference; lastKnownFileType = sourcecode.swift; path = SceneDelegate.swift; sourceTree = "<group>"; };
		1BDB59C22511FFDE00931C90 /* ViewController.swift */ = {isa = PBXFileReference; lastKnownFileType = sourcecode.swift; path = ViewController.swift; sourceTree = "<group>"; };
		1BDB59C72511FFDF00931C90 /* Assets.xcassets */ = {isa = PBXFileReference; lastKnownFileType = folder.assetcatalog; path = Assets.xcassets; sourceTree = "<group>"; };
		1BDB59CA2511FFDF00931C90 /* Base */ = {isa = PBXFileReference; lastKnownFileType = file.storyboard; name = Base; path = Base.lproj/LaunchScreen.storyboard; sourceTree = "<group>"; };
		1BDB59CC2511FFDF00931C90 /* Info.plist */ = {isa = PBXFileReference; lastKnownFileType = text.plist.xml; path = Info.plist; sourceTree = "<group>"; };
		1BDB59D5251212EC00931C90 /* MainTabBarController.swift */ = {isa = PBXFileReference; lastKnownFileType = sourcecode.swift; path = MainTabBarController.swift; sourceTree = "<group>"; };
		1BDB59D7251214FF00931C90 /* SearchController.swift */ = {isa = PBXFileReference; lastKnownFileType = sourcecode.swift; path = SearchController.swift; sourceTree = "<group>"; };
		1BDB59D92512151300931C90 /* FavouritesController.swift */ = {isa = PBXFileReference; lastKnownFileType = sourcecode.swift; path = FavouritesController.swift; sourceTree = "<group>"; };
		1BDB59DC2512302200931C90 /* RPUIButton.swift */ = {isa = PBXFileReference; lastKnownFileType = sourcecode.swift; path = RPUIButton.swift; sourceTree = "<group>"; };
		1BDB59DE2512302F00931C90 /* RPUITextfield.swift */ = {isa = PBXFileReference; lastKnownFileType = sourcecode.swift; path = RPUITextfield.swift; sourceTree = "<group>"; };
		1BDB59E12512593400931C90 /* Types.swift */ = {isa = PBXFileReference; lastKnownFileType = sourcecode.swift; path = Types.swift; sourceTree = "<group>"; };
		1BDB59E32513426400931C90 /* FollowerListController.swift */ = {isa = PBXFileReference; lastKnownFileType = sourcecode.swift; path = FollowerListController.swift; sourceTree = "<group>"; };
		1BDB59E62513496800931C90 /* String+Ext.swift */ = {isa = PBXFileReference; fileEncoding = 4; lastKnownFileType = sourcecode.swift; path = "String+Ext.swift"; sourceTree = "<group>"; };
		1BDB59E82513518700931C90 /* RPTitleLable.swift */ = {isa = PBXFileReference; lastKnownFileType = sourcecode.swift; path = RPTitleLable.swift; sourceTree = "<group>"; };
		1BDB59EA251352E500931C90 /* RPBodyLable.swift */ = {isa = PBXFileReference; lastKnownFileType = sourcecode.swift; path = RPBodyLable.swift; sourceTree = "<group>"; };
		1BDB59EC2513547F00931C90 /* RPAlertController.swift */ = {isa = PBXFileReference; lastKnownFileType = sourcecode.swift; path = RPAlertController.swift; sourceTree = "<group>"; };
		1BDB59EE2513737400931C90 /* UIViewController+Ext.swift */ = {isa = PBXFileReference; lastKnownFileType = sourcecode.swift; path = "UIViewController+Ext.swift"; sourceTree = "<group>"; };
		1BDB59F22513A61700931C90 /* Users.swift */ = {isa = PBXFileReference; lastKnownFileType = sourcecode.swift; path = Users.swift; sourceTree = "<group>"; };
		1BDB59F52513ADED00931C90 /* NetworkManager.swift */ = {isa = PBXFileReference; lastKnownFileType = sourcecode.swift; path = NetworkManager.swift; sourceTree = "<group>"; };
		1BDB59F72513AE1900931C90 /* Constants.swift */ = {isa = PBXFileReference; lastKnownFileType = sourcecode.swift; path = Constants.swift; sourceTree = "<group>"; };
		1BDB59FA25149AFC00931C90 /* ErrorMessages.swift */ = {isa = PBXFileReference; lastKnownFileType = sourcecode.swift; path = ErrorMessages.swift; sourceTree = "<group>"; };
		1BDB59FC2514ABB800931C90 /* BaseListController.swift */ = {isa = PBXFileReference; lastKnownFileType = sourcecode.swift; path = BaseListController.swift; sourceTree = "<group>"; };
		1BDB59FE2514B3F500931C90 /* CustomFollowerCell.swift */ = {isa = PBXFileReference; lastKnownFileType = sourcecode.swift; path = CustomFollowerCell.swift; sourceTree = "<group>"; };
		1BDB5A002514B47600931C90 /* RPImageView.swift */ = {isa = PBXFileReference; lastKnownFileType = sourcecode.swift; path = RPImageView.swift; sourceTree = "<group>"; };
		1BDB5A032514B95800931C90 /* ConfigureCell.swift */ = {isa = PBXFileReference; lastKnownFileType = sourcecode.swift; path = ConfigureCell.swift; sourceTree = "<group>"; };
		1BDB5A052514E82000931C90 /* Follower.swift */ = {isa = PBXFileReference; lastKnownFileType = sourcecode.swift; path = Follower.swift; sourceTree = "<group>"; };
		1BF6A686251DCC9D005235E3 /* CustomFavouriteCell.swift */ = {isa = PBXFileReference; lastKnownFileType = sourcecode.swift; path = CustomFavouriteCell.swift; sourceTree = "<group>"; };
/* End PBXFileReference section */

/* Begin PBXFrameworksBuildPhase section */
		1BDB59B82511FFDE00931C90 /* Frameworks */ = {
			isa = PBXFrameworksBuildPhase;
			buildActionMask = 2147483647;
			files = (
			);
			runOnlyForDeploymentPostprocessing = 0;
		};
/* End PBXFrameworksBuildPhase section */

/* Begin PBXGroup section */
		1B55378C2518895600046B46 /* Utils */ = {
			isa = PBXGroup;
			children = (
				1B55378D25188A2800046B46 /* UIHelper.swift */,
				1BD479F8251E20EB005497BE /* ScreenSize.swift */,
			);
			path = Utils;
			sourceTree = "<group>";
		};
		1BDB59B22511FFDE00931C90 = {
			isa = PBXGroup;
			children = (
				1BDB59BD2511FFDE00931C90 /* TheGitHubPeoplApp */,
				1BDB59BC2511FFDE00931C90 /* Products */,
			);
			sourceTree = "<group>";
		};
		1BDB59BC2511FFDE00931C90 /* Products */ = {
			isa = PBXGroup;
			children = (
				1BDB59BB2511FFDE00931C90 /* TheGitHubPeoplApp.app */,
			);
			name = Products;
			sourceTree = "<group>";
		};
		1BDB59BD2511FFDE00931C90 /* TheGitHubPeoplApp */ = {
			isa = PBXGroup;
			children = (
				1B55378C2518895600046B46 /* Utils */,
				1BDB5A022514B93300931C90 /* Protocols */,
				1BDB59F925149ACF00931C90 /* Enums */,
				1BDB59F42513ADD400931C90 /* Networking */,
				1BDB59E52513496000931C90 /* Extensions */,
				1BDB59E02512591300931C90 /* Types */,
				1BDB59DB2512300900931C90 /* Custom */,
				1BDB59D4251212D900931C90 /* Controller */,
				1BDB59D3251212D500931C90 /* View */,
				1BDB59D2251212CB00931C90 /* Model */,
				1BDB59BE2511FFDE00931C90 /* AppDelegate.swift */,
				1BDB59C02511FFDE00931C90 /* SceneDelegate.swift */,
				1BDB59C22511FFDE00931C90 /* ViewController.swift */,
				1BDB59C72511FFDF00931C90 /* Assets.xcassets */,
				1BDB59C92511FFDF00931C90 /* LaunchScreen.storyboard */,
				1BDB59CC2511FFDF00931C90 /* Info.plist */,
			);
			path = TheGitHubPeoplApp;
			sourceTree = "<group>";
		};
		1BDB59D2251212CB00931C90 /* Model */ = {
			isa = PBXGroup;
			children = (
				1BDB5A052514E82000931C90 /* Follower.swift */,
				1BDB59F22513A61700931C90 /* Users.swift */,
			);
			path = Model;
			sourceTree = "<group>";
		};
		1BDB59D3251212D500931C90 /* View */ = {
			isa = PBXGroup;
			children = (
				1BDB59FE2514B3F500931C90 /* CustomFollowerCell.swift */,
				1B7A9979251A91B4007D6E4B /* RPItemInfoView.swift */,
				1BF6A686251DCC9D005235E3 /* CustomFavouriteCell.swift */,
			);
			path = View;
			sourceTree = "<group>";
		};
		1BDB59D4251212D900931C90 /* Controller */ = {
			isa = PBXGroup;
			children = (
				1BDB59FC2514ABB800931C90 /* BaseListController.swift */,
				1BDB59D92512151300931C90 /* FavouritesController.swift */,
				1BDB59E32513426400931C90 /* FollowerListController.swift */,
				1BDB59D5251212EC00931C90 /* MainTabBarController.swift */,
				1BDB59EC2513547F00931C90 /* RPAlertController.swift */,
				1BDB59D7251214FF00931C90 /* SearchController.swift */,
				1B378C76251A05A800E4A813 /* UIserInfoHeaderController.swift */,
				1B378C702519EBFE00E4A813 /* UserInfoController.swift */,
				1B7A997C251B6A3B007D6E4B /* RPInfoViewController.swift */,
				1B9012D1251B710E00380D4F /* RPRepoItemController.swift */,
				1B9012D4251B738600380D4F /* RPFollowerItemController.swift */,
			);
			path = Controller;
			sourceTree = "<group>";
		};
		1BDB59DB2512300900931C90 /* Custom */ = {
			isa = PBXGroup;
			children = (
				1BDB59DC2512302200931C90 /* RPUIButton.swift */,
				1BDB59DE2512302F00931C90 /* RPUITextfield.swift */,
				1BDB59E82513518700931C90 /* RPTitleLable.swift */,
				1BDB59EA251352E500931C90 /* RPBodyLable.swift */,
				1BDB5A002514B47600931C90 /* RPImageView.swift */,
				1B378C6D2518D03600E4A813 /* RPEmptyStateView.swift */,
				1B378C73251A048000E4A813 /* RPSecondaryTitleLable.swift */,
			);
			path = Custom;
			sourceTree = "<group>";
		};
		1BDB59E02512591300931C90 /* Types */ = {
			isa = PBXGroup;
			children = (
				1BDB59E12512593400931C90 /* Types.swift */,
				1B9012D7251BEB7D00380D4F /* Date+Ext.swift */,
				1BDB59F72513AE1900931C90 /* Constants.swift */,
			);
			path = Types;
			sourceTree = "<group>";
		};
		1BDB59E52513496000931C90 /* Extensions */ = {
			isa = PBXGroup;
			children = (
				1BDB59E62513496800931C90 /* String+Ext.swift */,
				1BDB59EE2513737400931C90 /* UIViewController+Ext.swift */,
				1BD479FC251F3168005497BE /* FollowerListController+Ext.swift */,
				1BD479FF251F3231005497BE /* FavouritesController+Ext.swift */,
			);
			path = Extensions;
			sourceTree = "<group>";
		};
		1BDB59F42513ADD400931C90 /* Networking */ = {
			isa = PBXGroup;
			children = (
				1BDB59F52513ADED00931C90 /* NetworkManager.swift */,
				1B9012DA251CD9C500380D4F /* PersistanceManager.swift */,
			);
			path = Networking;
			sourceTree = "<group>";
		};
		1BDB59F925149ACF00931C90 /* Enums */ = {
			isa = PBXGroup;
			children = (
				1BDB59FA25149AFC00931C90 /* ErrorMessages.swift */,
				1B378C79251A086800E4A813 /* SFSymbols.swift */,
			);
			path = Enums;
			sourceTree = "<group>";
		};
		1BDB5A022514B93300931C90 /* Protocols */ = {
			isa = PBXGroup;
			children = (
				1BDB5A032514B95800931C90 /* ConfigureCell.swift */,
			);
			path = Protocols;
			sourceTree = "<group>";
		};
/* End PBXGroup section */

/* Begin PBXNativeTarget section */
		1BDB59BA2511FFDE00931C90 /* TheGitHubPeoplApp */ = {
			isa = PBXNativeTarget;
			buildConfigurationList = 1BDB59CF2511FFDF00931C90 /* Build configuration list for PBXNativeTarget "TheGitHubPeoplApp" */;
			buildPhases = (
				1BDB59B72511FFDE00931C90 /* Sources */,
				1BDB59B82511FFDE00931C90 /* Frameworks */,
				1BDB59B92511FFDE00931C90 /* Resources */,
			);
			buildRules = (
			);
			dependencies = (
			);
			name = TheGitHubPeoplApp;
			productName = TheGitHubPeoplApp;
			productReference = 1BDB59BB2511FFDE00931C90 /* TheGitHubPeoplApp.app */;
			productType = "com.apple.product-type.application";
		};
/* End PBXNativeTarget section */

/* Begin PBXProject section */
		1BDB59B32511FFDE00931C90 /* Project object */ = {
			isa = PBXProject;
			attributes = {
				LastSwiftUpdateCheck = 1170;
				LastUpgradeCheck = 1200;
				ORGANIZATIONNAME = "twisted echo";
				TargetAttributes = {
					1BDB59BA2511FFDE00931C90 = {
						CreatedOnToolsVersion = 11.7;
					};
				};
			};
			buildConfigurationList = 1BDB59B62511FFDE00931C90 /* Build configuration list for PBXProject "TheGitHubPeoplApp" */;
			compatibilityVersion = "Xcode 9.3";
			developmentRegion = en;
			hasScannedForEncodings = 0;
			knownRegions = (
				en,
				Base,
			);
			mainGroup = 1BDB59B22511FFDE00931C90;
			productRefGroup = 1BDB59BC2511FFDE00931C90 /* Products */;
			projectDirPath = "";
			projectRoot = "";
			targets = (
				1BDB59BA2511FFDE00931C90 /* TheGitHubPeoplApp */,
			);
		};
/* End PBXProject section */

/* Begin PBXResourcesBuildPhase section */
		1BDB59B92511FFDE00931C90 /* Resources */ = {
			isa = PBXResourcesBuildPhase;
			buildActionMask = 2147483647;
			files = (
				1BDB59CB2511FFDF00931C90 /* LaunchScreen.storyboard in Resources */,
				1BDB59C82511FFDF00931C90 /* Assets.xcassets in Resources */,
			);
			runOnlyForDeploymentPostprocessing = 0;
		};
/* End PBXResourcesBuildPhase section */

/* Begin PBXSourcesBuildPhase section */
		1BDB59B72511FFDE00931C90 /* Sources */ = {
			isa = PBXSourcesBuildPhase;
			buildActionMask = 2147483647;
			files = (
				1BD479FD251F3168005497BE /* FollowerListController+Ext.swift in Sources */,
				1BD47A00251F3231005497BE /* FavouritesController+Ext.swift in Sources */,
				1BDB59F62513ADED00931C90 /* NetworkManager.swift in Sources */,
				1BDB59F82513AE1900931C90 /* Constants.swift in Sources */,
				1B7A997D251B6A3B007D6E4B /* RPInfoViewController.swift in Sources */,
				1B9012DB251CD9C500380D4F /* PersistanceManager.swift in Sources */,
				1B378C7A251A086800E4A813 /* SFSymbols.swift in Sources */,
				1BDB59C32511FFDE00931C90 /* ViewController.swift in Sources */,
				1B378C712519EBFE00E4A813 /* UserInfoController.swift in Sources */,
				1BDB59E92513518700931C90 /* RPTitleLable.swift in Sources */,
				1BDB59FF2514B3F500931C90 /* CustomFollowerCell.swift in Sources */,
				1BDB59EF2513737400931C90 /* UIViewController+Ext.swift in Sources */,
				1B9012D2251B710E00380D4F /* RPRepoItemController.swift in Sources */,
				1BDB59ED2513547F00931C90 /* RPAlertController.swift in Sources */,
				1BDB59D8251214FF00931C90 /* SearchController.swift in Sources */,
				1BDB59BF2511FFDE00931C90 /* AppDelegate.swift in Sources */,
				1BDB59FB25149AFC00931C90 /* ErrorMessages.swift in Sources */,
				1BDB59E42513426400931C90 /* FollowerListController.swift in Sources */,
				1BDB59FD2514ABB800931C90 /* BaseListController.swift in Sources */,
				1BDB59DA2512151300931C90 /* FavouritesController.swift in Sources */,
				1BD479F9251E20EB005497BE /* ScreenSize.swift in Sources */,
				1B378C74251A048000E4A813 /* RPSecondaryTitleLable.swift in Sources */,
				1BDB59F32513A61700931C90 /* Users.swift in Sources */,
				1B9012D8251BEB7D00380D4F /* Date+Ext.swift in Sources */,
				1BDB59EB251352E500931C90 /* RPBodyLable.swift in Sources */,
				1BDB5A042514B95800931C90 /* ConfigureCell.swift in Sources */,
				1B378C77251A05A800E4A813 /* UIserInfoHeaderController.swift in Sources */,
				1B9012D5251B738600380D4F /* RPFollowerItemController.swift in Sources */,
				1BF6A687251DCC9D005235E3 /* CustomFavouriteCell.swift in Sources */,
				1BDB5A012514B47600931C90 /* RPImageView.swift in Sources */,
				1BDB59D6251212EC00931C90 /* MainTabBarController.swift in Sources */,
				1B378C6E2518D03600E4A813 /* RPEmptyStateView.swift in Sources */,
				1BDB59C12511FFDE00931C90 /* SceneDelegate.swift in Sources */,
				1B7A997A251A91B4007D6E4B /* RPItemInfoView.swift in Sources */,
				1BDB59E22512593400931C90 /* Types.swift in Sources */,
				1BDB5A062514E82000931C90 /* Follower.swift in Sources */,
				1BDB59DD2512302200931C90 /* RPUIButton.swift in Sources */,
				1BDB59DF2512302F00931C90 /* RPUITextfield.swift in Sources */,
				1B55378E25188A2800046B46 /* UIHelper.swift in Sources */,
				1BDB59E72513496800931C90 /* String+Ext.swift in Sources */,
			);
			runOnlyForDeploymentPostprocessing = 0;
		};
/* End PBXSourcesBuildPhase section */

/* Begin PBXVariantGroup section */
		1BDB59C92511FFDF00931C90 /* LaunchScreen.storyboard */ = {
			isa = PBXVariantGroup;
			children = (
				1BDB59CA2511FFDF00931C90 /* Base */,
			);
			name = LaunchScreen.storyboard;
			sourceTree = "<group>";
		};
/* End PBXVariantGroup section */

/* Begin XCBuildConfiguration section */
		1BDB59CD2511FFDF00931C90 /* Debug */ = {
			isa = XCBuildConfiguration;
			buildSettings = {
				ALWAYS_SEARCH_USER_PATHS = NO;
				CLANG_ANALYZER_NONNULL = YES;
				CLANG_ANALYZER_NUMBER_OBJECT_CONVERSION = YES_AGGRESSIVE;
				CLANG_CXX_LANGUAGE_STANDARD = "gnu++14";
				CLANG_CXX_LIBRARY = "libc++";
				CLANG_ENABLE_MODULES = YES;
				CLANG_ENABLE_OBJC_ARC = YES;
				CLANG_ENABLE_OBJC_WEAK = YES;
				CLANG_WARN_BLOCK_CAPTURE_AUTORELEASING = YES;
				CLANG_WARN_BOOL_CONVERSION = YES;
				CLANG_WARN_COMMA = YES;
				CLANG_WARN_CONSTANT_CONVERSION = YES;
				CLANG_WARN_DEPRECATED_OBJC_IMPLEMENTATIONS = YES;
				CLANG_WARN_DIRECT_OBJC_ISA_USAGE = YES_ERROR;
				CLANG_WARN_DOCUMENTATION_COMMENTS = YES;
				CLANG_WARN_EMPTY_BODY = YES;
				CLANG_WARN_ENUM_CONVERSION = YES;
				CLANG_WARN_INFINITE_RECURSION = YES;
				CLANG_WARN_INT_CONVERSION = YES;
				CLANG_WARN_NON_LITERAL_NULL_CONVERSION = YES;
				CLANG_WARN_OBJC_IMPLICIT_RETAIN_SELF = YES;
				CLANG_WARN_OBJC_LITERAL_CONVERSION = YES;
				CLANG_WARN_OBJC_ROOT_CLASS = YES_ERROR;
				CLANG_WARN_QUOTED_INCLUDE_IN_FRAMEWORK_HEADER = YES;
				CLANG_WARN_RANGE_LOOP_ANALYSIS = YES;
				CLANG_WARN_STRICT_PROTOTYPES = YES;
				CLANG_WARN_SUSPICIOUS_MOVE = YES;
				CLANG_WARN_UNGUARDED_AVAILABILITY = YES_AGGRESSIVE;
				CLANG_WARN_UNREACHABLE_CODE = YES;
				CLANG_WARN__DUPLICATE_METHOD_MATCH = YES;
				COPY_PHASE_STRIP = NO;
				DEBUG_INFORMATION_FORMAT = dwarf;
				ENABLE_STRICT_OBJC_MSGSEND = YES;
				ENABLE_TESTABILITY = YES;
				GCC_C_LANGUAGE_STANDARD = gnu11;
				GCC_DYNAMIC_NO_PIC = NO;
				GCC_NO_COMMON_BLOCKS = YES;
				GCC_OPTIMIZATION_LEVEL = 0;
				GCC_PREPROCESSOR_DEFINITIONS = (
					"DEBUG=1",
					"$(inherited)",
				);
				GCC_WARN_64_TO_32_BIT_CONVERSION = YES;
				GCC_WARN_ABOUT_RETURN_TYPE = YES_ERROR;
				GCC_WARN_UNDECLARED_SELECTOR = YES;
				GCC_WARN_UNINITIALIZED_AUTOS = YES_AGGRESSIVE;
				GCC_WARN_UNUSED_FUNCTION = YES;
				GCC_WARN_UNUSED_VARIABLE = YES;
				IPHONEOS_DEPLOYMENT_TARGET = 13.5;
				MTL_ENABLE_DEBUG_INFO = INCLUDE_SOURCE;
				MTL_FAST_MATH = YES;
				ONLY_ACTIVE_ARCH = YES;
				SDKROOT = iphoneos;
				SWIFT_ACTIVE_COMPILATION_CONDITIONS = DEBUG;
				SWIFT_OPTIMIZATION_LEVEL = "-Onone";
			};
			name = Debug;
		};
		1BDB59CE2511FFDF00931C90 /* Release */ = {
			isa = XCBuildConfiguration;
			buildSettings = {
				ALWAYS_SEARCH_USER_PATHS = NO;
				CLANG_ANALYZER_NONNULL = YES;
				CLANG_ANALYZER_NUMBER_OBJECT_CONVERSION = YES_AGGRESSIVE;
				CLANG_CXX_LANGUAGE_STANDARD = "gnu++14";
				CLANG_CXX_LIBRARY = "libc++";
				CLANG_ENABLE_MODULES = YES;
				CLANG_ENABLE_OBJC_ARC = YES;
				CLANG_ENABLE_OBJC_WEAK = YES;
				CLANG_WARN_BLOCK_CAPTURE_AUTORELEASING = YES;
				CLANG_WARN_BOOL_CONVERSION = YES;
				CLANG_WARN_COMMA = YES;
				CLANG_WARN_CONSTANT_CONVERSION = YES;
				CLANG_WARN_DEPRECATED_OBJC_IMPLEMENTATIONS = YES;
				CLANG_WARN_DIRECT_OBJC_ISA_USAGE = YES_ERROR;
				CLANG_WARN_DOCUMENTATION_COMMENTS = YES;
				CLANG_WARN_EMPTY_BODY = YES;
				CLANG_WARN_ENUM_CONVERSION = YES;
				CLANG_WARN_INFINITE_RECURSION = YES;
				CLANG_WARN_INT_CONVERSION = YES;
				CLANG_WARN_NON_LITERAL_NULL_CONVERSION = YES;
				CLANG_WARN_OBJC_IMPLICIT_RETAIN_SELF = YES;
				CLANG_WARN_OBJC_LITERAL_CONVERSION = YES;
				CLANG_WARN_OBJC_ROOT_CLASS = YES_ERROR;
				CLANG_WARN_QUOTED_INCLUDE_IN_FRAMEWORK_HEADER = YES;
				CLANG_WARN_RANGE_LOOP_ANALYSIS = YES;
				CLANG_WARN_STRICT_PROTOTYPES = YES;
				CLANG_WARN_SUSPICIOUS_MOVE = YES;
				CLANG_WARN_UNGUARDED_AVAILABILITY = YES_AGGRESSIVE;
				CLANG_WARN_UNREACHABLE_CODE = YES;
				CLANG_WARN__DUPLICATE_METHOD_MATCH = YES;
				COPY_PHASE_STRIP = NO;
				DEBUG_INFORMATION_FORMAT = "dwarf-with-dsym";
				ENABLE_NS_ASSERTIONS = NO;
				ENABLE_STRICT_OBJC_MSGSEND = YES;
				GCC_C_LANGUAGE_STANDARD = gnu11;
				GCC_NO_COMMON_BLOCKS = YES;
				GCC_WARN_64_TO_32_BIT_CONVERSION = YES;
				GCC_WARN_ABOUT_RETURN_TYPE = YES_ERROR;
				GCC_WARN_UNDECLARED_SELECTOR = YES;
				GCC_WARN_UNINITIALIZED_AUTOS = YES_AGGRESSIVE;
				GCC_WARN_UNUSED_FUNCTION = YES;
				GCC_WARN_UNUSED_VARIABLE = YES;
				IPHONEOS_DEPLOYMENT_TARGET = 13.5;
				MTL_ENABLE_DEBUG_INFO = NO;
				MTL_FAST_MATH = YES;
				SDKROOT = iphoneos;
				SWIFT_COMPILATION_MODE = wholemodule;
				SWIFT_OPTIMIZATION_LEVEL = "-O";
				VALIDATE_PRODUCT = YES;
			};
			name = Release;
		};
		1BDB59D02511FFDF00931C90 /* Debug */ = {
			isa = XCBuildConfiguration;
			buildSettings = {
				ASSETCATALOG_COMPILER_APPICON_NAME = AppIcon;
				CODE_SIGN_STYLE = Automatic;
				CURRENT_PROJECT_VERSION = 1.3;
				DEVELOPMENT_TEAM = UMQAGMF379;
				INFOPLIST_FILE = TheGitHubPeoplApp/Info.plist;
				LD_RUNPATH_SEARCH_PATHS = (
					"$(inherited)",
					"@executable_path/Frameworks",
				);
				MARKETING_VERSION = 1.1;
				PRODUCT_BUNDLE_IDENTIFIER = com.twisted.TheGitHubPeoplApp;
				PRODUCT_NAME = "$(TARGET_NAME)";
				SWIFT_VERSION = 5.0;
				TARGETED_DEVICE_FAMILY = 1;
			};
			name = Debug;
		};
		1BDB59D12511FFDF00931C90 /* Release */ = {
			isa = XCBuildConfiguration;
			buildSettings = {
				ASSETCATALOG_COMPILER_APPICON_NAME = AppIcon;
				CODE_SIGN_STYLE = Automatic;
				CURRENT_PROJECT_VERSION = 1.3;
				DEVELOPMENT_TEAM = UMQAGMF379;
				INFOPLIST_FILE = TheGitHubPeoplApp/Info.plist;
				LD_RUNPATH_SEARCH_PATHS = (
					"$(inherited)",
					"@executable_path/Frameworks",
				);
				MARKETING_VERSION = 1.1;
				PRODUCT_BUNDLE_IDENTIFIER = com.twisted.TheGitHubPeoplApp;
				PRODUCT_NAME = "$(TARGET_NAME)";
				SWIFT_VERSION = 5.0;
				TARGETED_DEVICE_FAMILY = 1;
			};
			name = Release;
		};
/* End XCBuildConfiguration section */

/* Begin XCConfigurationList section */
		1BDB59B62511FFDE00931C90 /* Build configuration list for PBXProject "TheGitHubPeoplApp" */ = {
			isa = XCConfigurationList;
			buildConfigurations = (
				1BDB59CD2511FFDF00931C90 /* Debug */,
				1BDB59CE2511FFDF00931C90 /* Release */,
			);
			defaultConfigurationIsVisible = 0;
			defaultConfigurationName = Release;
		};
		1BDB59CF2511FFDF00931C90 /* Build configuration list for PBXNativeTarget "TheGitHubPeoplApp" */ = {
			isa = XCConfigurationList;
			buildConfigurations = (
				1BDB59D02511FFDF00931C90 /* Debug */,
				1BDB59D12511FFDF00931C90 /* Release */,
			);
			defaultConfigurationIsVisible = 0;
			defaultConfigurationName = Release;
		};
/* End XCConfigurationList section */
	};
	rootObject = 1BDB59B32511FFDE00931C90 /* Project object */;
}
