// !$*UTF8*$!
{
	archiveVersion = 1;
	classes = {
	};
	objectVersion = 50;
	objects = {

/* Begin PBXBuildFile section */
		1BDB59BF2511FFDE00931C90 /* AppDelegate.swift in Sources */ = {isa = PBXBuildFile; fileRef = 1BDB59BE2511FFDE00931C90 /* AppDelegate.swift */; };
		1BDB59C12511FFDE00931C90 /* SceneDelegate.swift in Sources */ = {isa = PBXBuildFile; fileRef = 1BDB59C02511FFDE00931C90 /* SceneDelegate.swift */; };
		1BDB59C32511FFDE00931C90 /* ViewController.swift in Sources */ = {isa = PBXBuildFile; fileRef = 1BDB59C22511FFDE00931C90 /* ViewController.swift */; };
		1BDB59C82511FFDF00931C90 /* Assets.xcassets in Resources */ = {isa = PBXBuildFile; fileRef = 1BDB59C72511FFDF00931C90 /* Assets.xcassets */; };
		1BDB59CB2511FFDF00931C90 /* LaunchScreen.storyboard in Resources */ = {isa = PBXBuildFile; fileRef = 1BDB59C92511FFDF00931C90 /* LaunchScreen.storyboard */; };
		1BDB59D6251212EC00931C90 /* MainTabBarController.swift in Sources */ = {isa = PBXBuildFile; fileRef = 1BDB59D5251212EC00931C90 /* MainTabBarController.swift */; };
		1BDB59D8251214FF00931C90 /* SearchController.swift in Sources */ = {isa = PBXBuildFile; fileRef = 1BDB59D7251214FF00931C90 /* SearchController.swift */; };
		1BDB59DA2512151300931C90 /* FavouritesController.swift in Sources */ = {isa = PBXBuildFile; fileRef = 1BDB59D92512151300931C90 /* FavouritesController.swift */; };
		1BDB59DD2512302200931C90 /* RPUIButton.swift in Sources */ = {isa = PBXBuildFile; fileRef = 1BDB59DC2512302200931C90 /* RPUIButton.swift */; };
		1BDB59DF2512302F00931C90 /* RPUITextfield.swift in Sources */ = {isa = PBXBuildFile; fileRef = 1BDB59DE2512302F00931C90 /* RPUITextfield.swift */; };
/* End PBXBuildFile section */

/* Begin PBXFileReference section */
		1BDB59BB2511FFDE00931C90 /* TheGitHubPeoplApp.app */ = {isa = PBXFileReference; explicitFileType = wrapper.application; includeInIndex = 0; path = TheGitHubPeoplApp.app; sourceTree = BUILT_PRODUCTS_DIR; };
		1BDB59BE2511FFDE00931C90 /* AppDelegate.swift */ = {isa = PBXFileReference; lastKnownFileType = sourcecode.swift; path = AppDelegate.swift; sourceTree = "<group>"; };
		1BDB59C02511FFDE00931C90 /* SceneDelegate.swift */ = {isa = PBXFileReference; lastKnownFileType = sourcecode.swift; path = SceneDelegate.swift; sourceTree = "<group>"; };
		1BDB59C22511FFDE00931C90 /* ViewController.swift */ = {isa = PBXFileReference; lastKnownFileType = sourcecode.swift; path = ViewController.swift; sourceTree = "<group>"; };
		1BDB59C72511FFDF00931C90 /* Assets.xcassets */ = {isa = PBXFileReference; lastKnownFileType = folder.assetcatalog; path = Assets.xcassets; sourceTree = "<group>"; };
		1BDB59CA2511FFDF00931C90 /* Base */ = {isa = PBXFileReference; lastKnownFileType = file.storyboard; name = Base; path = Base.lproj/LaunchScreen.storyboard; sourceTree = "<group>"; };
		1BDB59CC2511FFDF00931C90 /* Info.plist */ = {isa = PBXFileReference; lastKnownFileType = text.plist.xml; path = Info.plist; sourceTree = "<group>"; };
		1BDB59D5251212EC00931C90 /* MainTabBarController.swift */ = {isa = PBXFileReference; lastKnownFileType = sourcecode.swift; path = MainTabBarController.swift; sourceTree = "<group>"; };
		1BDB59D7251214FF00931C90 /* SearchController.swift */ = {isa = PBXFileReference; lastKnownFileType = sourcecode.swift; path = SearchController.swift; sourceTree = "<group>"; };
		1BDB59D92512151300931C90 /* FavouritesController.swift */ = {isa = PBXFileReference; lastKnownFileType = sourcecode.swift; path = FavouritesController.swift; sourceTree = "<group>"; };
		1BDB59DC2512302200931C90 /* RPUIButton.swift */ = {isa = PBXFileReference; lastKnownFileType = sourcecode.swift; path = RPUIButton.swift; sourceTree = "<group>"; };
		1BDB59DE2512302F00931C90 /* RPUITextfield.swift */ = {isa = PBXFileReference; lastKnownFileType = sourcecode.swift; path = RPUITextfield.swift; sourceTree = "<group>"; };
/* End PBXFileReference section */

/* Begin PBXFrameworksBuildPhase section */
		1BDB59B82511FFDE00931C90 /* Frameworks */ = {
			isa = PBXFrameworksBuildPhase;
			buildActionMask = 2147483647;
			files = (
			);
			runOnlyForDeploymentPostprocessing = 0;
		};
/* End PBXFrameworksBuildPhase section */

/* Begin PBXGroup section */
		1BDB59B22511FFDE00931C90 = {
			isa = PBXGroup;
			children = (
				1BDB59BD2511FFDE00931C90 /* TheGitHubPeoplApp */,
				1BDB59BC2511FFDE00931C90 /* Products */,
			);
			sourceTree = "<group>";
		};
		1BDB59BC2511FFDE00931C90 /* Products */ = {
			isa = PBXGroup;
			children = (
				1BDB59BB2511FFDE00931C90 /* TheGitHubPeoplApp.app */,
			);
			name = Products;
			sourceTree = "<group>";
		};
		1BDB59BD2511FFDE00931C90 /* TheGitHubPeoplApp */ = {
			isa = PBXGroup;
			children = (
				1BDB59DB2512300900931C90 /* Custom */,
				1BDB59D4251212D900931C90 /* Controller */,
				1BDB59D3251212D500931C90 /* View */,
				1BDB59D2251212CB00931C90 /* Model */,
				1BDB59BE2511FFDE00931C90 /* AppDelegate.swift */,
				1BDB59C02511FFDE00931C90 /* SceneDelegate.swift */,
				1BDB59C22511FFDE00931C90 /* ViewController.swift */,
				1BDB59C72511FFDF00931C90 /* Assets.xcassets */,
				1BDB59C92511FFDF00931C90 /* LaunchScreen.storyboard */,
				1BDB59CC2511FFDF00931C90 /* Info.plist */,
			);
			path = TheGitHubPeoplApp;
			sourceTree = "<group>";
		};
		1BDB59D2251212CB00931C90 /* Model */ = {
			isa = PBXGroup;
			children = (
			);
			path = Model;
			sourceTree = "<group>";
		};
		1BDB59D3251212D500931C90 /* View */ = {
			isa = PBXGroup;
			children = (
			);
			path = View;
			sourceTree = "<group>";
		};
		1BDB59D4251212D900931C90 /* Controller */ = {
			isa = PBXGroup;
			children = (
				1BDB59D5251212EC00931C90 /* MainTabBarController.swift */,
				1BDB59D7251214FF00931C90 /* SearchController.swift */,
				1BDB59D92512151300931C90 /* FavouritesController.swift */,
			);
			path = Controller;
			sourceTree = "<group>";
		};
		1BDB59DB2512300900931C90 /* Custom */ = {
			isa = PBXGroup;
			children = (
				1BDB59DC2512302200931C90 /* RPUIButton.swift */,
				1BDB59DE2512302F00931C90 /* RPUITextfield.swift */,
			);
			path = Custom;
			sourceTree = "<group>";
		};
/* End PBXGroup section */

/* Begin PBXNativeTarget section */
		1BDB59BA2511FFDE00931C90 /* TheGitHubPeoplApp */ = {
			isa = PBXNativeTarget;
			buildConfigurationList = 1BDB59CF2511FFDF00931C90 /* Build configuration list for PBXNativeTarget "TheGitHubPeoplApp" */;
			buildPhases = (
				1BDB59B72511FFDE00931C90 /* Sources */,
				1BDB59B82511FFDE00931C90 /* Frameworks */,
				1BDB59B92511FFDE00931C90 /* Resources */,
			);
			buildRules = (
			);
			dependencies = (
			);
			name = TheGitHubPeoplApp;
			productName = TheGitHubPeoplApp;
			productReference = 1BDB59BB2511FFDE00931C90 /* TheGitHubPeoplApp.app */;
			productType = "com.apple.product-type.application";
		};
/* End PBXNativeTarget section */

/* Begin PBXProject section */
		1BDB59B32511FFDE00931C90 /* Project object */ = {
			isa = PBXProject;
			attributes = {
				LastSwiftUpdateCheck = 1170;
				LastUpgradeCheck = 1170;
				ORGANIZATIONNAME = "twisted echo";
				TargetAttributes = {
					1BDB59BA2511FFDE00931C90 = {
						CreatedOnToolsVersion = 11.7;
					};
				};
			};
			buildConfigurationList = 1BDB59B62511FFDE00931C90 /* Build configuration list for PBXProject "TheGitHubPeoplApp" */;
			compatibilityVersion = "Xcode 9.3";
			developmentRegion = en;
			hasScannedForEncodings = 0;
			knownRegions = (
				en,
				Base,
			);
			mainGroup = 1BDB59B22511FFDE00931C90;
			productRefGroup = 1BDB59BC2511FFDE00931C90 /* Products */;
			projectDirPath = "";
			projectRoot = "";
			targets = (
				1BDB59BA2511FFDE00931C90 /* TheGitHubPeoplApp */,
			);
		};
/* End PBXProject section */

/* Begin PBXResourcesBuildPhase section */
		1BDB59B92511FFDE00931C90 /* Resources */ = {
			isa = PBXResourcesBuildPhase;
			buildActionMask = 2147483647;
			files = (
				1BDB59CB2511FFDF00931C90 /* LaunchScreen.storyboard in Resources */,
				1BDB59C82511FFDF00931C90 /* Assets.xcassets in Resources */,
			);
			runOnlyForDeploymentPostprocessing = 0;
		};
/* End PBXResourcesBuildPhase section */

/* Begin PBXSourcesBuildPhase section */
		1BDB59B72511FFDE00931C90 /* Sources */ = {
			isa = PBXSourcesBuildPhase;
			buildActionMask = 2147483647;
			files = (
				1BDB59C32511FFDE00931C90 /* ViewController.swift in Sources */,
				1BDB59D8251214FF00931C90 /* SearchController.swift in Sources */,
				1BDB59BF2511FFDE00931C90 /* AppDelegate.swift in Sources */,
				1BDB59DA2512151300931C90 /* FavouritesController.swift in Sources */,
				1BDB59D6251212EC00931C90 /* MainTabBarController.swift in Sources */,
				1BDB59C12511FFDE00931C90 /* SceneDelegate.swift in Sources */,
				1BDB59DD2512302200931C90 /* RPUIButton.swift in Sources */,
				1BDB59DF2512302F00931C90 /* RPUITextfield.swift in Sources */,
			);
			runOnlyForDeploymentPostprocessing = 0;
		};
/* End PBXSourcesBuildPhase section */

/* Begin PBXVariantGroup section */
		1BDB59C92511FFDF00931C90 /* LaunchScreen.storyboard */ = {
			isa = PBXVariantGroup;
			children = (
				1BDB59CA2511FFDF00931C90 /* Base */,
			);
			name = LaunchScreen.storyboard;
			sourceTree = "<group>";
		};
/* End PBXVariantGroup section */

/* Begin XCBuildConfiguration section */
		1BDB59CD2511FFDF00931C90 /* Debug */ = {
			isa = XCBuildConfiguration;
			buildSettings = {
				ALWAYS_SEARCH_USER_PATHS = NO;
				CLANG_ANALYZER_NONNULL = YES;
				CLANG_ANALYZER_NUMBER_OBJECT_CONVERSION = YES_AGGRESSIVE;
				CLANG_CXX_LANGUAGE_STANDARD = "gnu++14";
				CLANG_CXX_LIBRARY = "libc++";
				CLANG_ENABLE_MODULES = YES;
				CLANG_ENABLE_OBJC_ARC = YES;
				CLANG_ENABLE_OBJC_WEAK = YES;
				CLANG_WARN_BLOCK_CAPTURE_AUTORELEASING = YES;
				CLANG_WARN_BOOL_CONVERSION = YES;
				CLANG_WARN_COMMA = YES;
				CLANG_WARN_CONSTANT_CONVERSION = YES;
				CLANG_WARN_DEPRECATED_OBJC_IMPLEMENTATIONS = YES;
				CLANG_WARN_DIRECT_OBJC_ISA_USAGE = YES_ERROR;
				CLANG_WARN_DOCUMENTATION_COMMENTS = YES;
				CLANG_WARN_EMPTY_BODY = YES;
				CLANG_WARN_ENUM_CONVERSION = YES;
				CLANG_WARN_INFINITE_RECURSION = YES;
				CLANG_WARN_INT_CONVERSION = YES;
				CLANG_WARN_NON_LITERAL_NULL_CONVERSION = YES;
				CLANG_WARN_OBJC_IMPLICIT_RETAIN_SELF = YES;
				CLANG_WARN_OBJC_LITERAL_CONVERSION = YES;
				CLANG_WARN_OBJC_ROOT_CLASS = YES_ERROR;
				CLANG_WARN_RANGE_LOOP_ANALYSIS = YES;
				CLANG_WARN_STRICT_PROTOTYPES = YES;
				CLANG_WARN_SUSPICIOUS_MOVE = YES;
				CLANG_WARN_UNGUARDED_AVAILABILITY = YES_AGGRESSIVE;
				CLANG_WARN_UNREACHABLE_CODE = YES;
				CLANG_WARN__DUPLICATE_METHOD_MATCH = YES;
				COPY_PHASE_STRIP = NO;
				DEBUG_INFORMATION_FORMAT = dwarf;
				ENABLE_STRICT_OBJC_MSGSEND = YES;
				ENABLE_TESTABILITY = YES;
				GCC_C_LANGUAGE_STANDARD = gnu11;
				GCC_DYNAMIC_NO_PIC = NO;
				GCC_NO_COMMON_BLOCKS = YES;
				GCC_OPTIMIZATION_LEVEL = 0;
				GCC_PREPROCESSOR_DEFINITIONS = (
					"DEBUG=1",
					"$(inherited)",
				);
				GCC_WARN_64_TO_32_BIT_CONVERSION = YES;
				GCC_WARN_ABOUT_RETURN_TYPE = YES_ERROR;
				GCC_WARN_UNDECLARED_SELECTOR = YES;
				GCC_WARN_UNINITIALIZED_AUTOS = YES_AGGRESSIVE;
				GCC_WARN_UNUSED_FUNCTION = YES;
				GCC_WARN_UNUSED_VARIABLE = YES;
				IPHONEOS_DEPLOYMENT_TARGET = 13.7;
				MTL_ENABLE_DEBUG_INFO = INCLUDE_SOURCE;
				MTL_FAST_MATH = YES;
				ONLY_ACTIVE_ARCH = YES;
				SDKROOT = iphoneos;
				SWIFT_ACTIVE_COMPILATION_CONDITIONS = DEBUG;
				SWIFT_OPTIMIZATION_LEVEL = "-Onone";
			};
			name = Debug;
		};
		1BDB59CE2511FFDF00931C90 /* Release */ = {
			isa = XCBuildConfiguration;
			buildSettings = {
				ALWAYS_SEARCH_USER_PATHS = NO;
				CLANG_ANALYZER_NONNULL = YES;
				CLANG_ANALYZER_NUMBER_OBJECT_CONVERSION = YES_AGGRESSIVE;
				CLANG_CXX_LANGUAGE_STANDARD = "gnu++14";
				CLANG_CXX_LIBRARY = "libc++";
				CLANG_ENABLE_MODULES = YES;
				CLANG_ENABLE_OBJC_ARC = YES;
				CLANG_ENABLE_OBJC_WEAK = YES;
				CLANG_WARN_BLOCK_CAPTURE_AUTORELEASING = YES;
				CLANG_WARN_BOOL_CONVERSION = YES;
				CLANG_WARN_COMMA = YES;
				CLANG_WARN_CONSTANT_CONVERSION = YES;
				CLANG_WARN_DEPRECATED_OBJC_IMPLEMENTATIONS = YES;
				CLANG_WARN_DIRECT_OBJC_ISA_USAGE = YES_ERROR;
				CLANG_WARN_DOCUMENTATION_COMMENTS = YES;
				CLANG_WARN_EMPTY_BODY = YES;
				CLANG_WARN_ENUM_CONVERSION = YES;
				CLANG_WARN_INFINITE_RECURSION = YES;
				CLANG_WARN_INT_CONVERSION = YES;
				CLANG_WARN_NON_LITERAL_NULL_CONVERSION = YES;
				CLANG_WARN_OBJC_IMPLICIT_RETAIN_SELF = YES;
				CLANG_WARN_OBJC_LITERAL_CONVERSION = YES;
				CLANG_WARN_OBJC_ROOT_CLASS = YES_ERROR;
				CLANG_WARN_RANGE_LOOP_ANALYSIS = YES;
				CLANG_WARN_STRICT_PROTOTYPES = YES;
				CLANG_WARN_SUSPICIOUS_MOVE = YES;
				CLANG_WARN_UNGUARDED_AVAILABILITY = YES_AGGRESSIVE;
				CLANG_WARN_UNREACHABLE_CODE = YES;
				CLANG_WARN__DUPLICATE_METHOD_MATCH = YES;
				COPY_PHASE_STRIP = NO;
				DEBUG_INFORMATION_FORMAT = "dwarf-with-dsym";
				ENABLE_NS_ASSERTIONS = NO;
				ENABLE_STRICT_OBJC_MSGSEND = YES;
				GCC_C_LANGUAGE_STANDARD = gnu11;
				GCC_NO_COMMON_BLOCKS = YES;
				GCC_WARN_64_TO_32_BIT_CONVERSION = YES;
				GCC_WARN_ABOUT_RETURN_TYPE = YES_ERROR;
				GCC_WARN_UNDECLARED_SELECTOR = YES;
				GCC_WARN_UNINITIALIZED_AUTOS = YES_AGGRESSIVE;
				GCC_WARN_UNUSED_FUNCTION = YES;
				GCC_WARN_UNUSED_VARIABLE = YES;
				IPHONEOS_DEPLOYMENT_TARGET = 13.7;
				MTL_ENABLE_DEBUG_INFO = NO;
				MTL_FAST_MATH = YES;
				SDKROOT = iphoneos;
				SWIFT_COMPILATION_MODE = wholemodule;
				SWIFT_OPTIMIZATION_LEVEL = "-O";
				VALIDATE_PRODUCT = YES;
			};
			name = Release;
		};
		1BDB59D02511FFDF00931C90 /* Debug */ = {
			isa = XCBuildConfiguration;
			buildSettings = {
				ASSETCATALOG_COMPILER_APPICON_NAME = AppIcon;
				CODE_SIGN_STYLE = Automatic;
				DEVELOPMENT_TEAM = UMQAGMF379;
				INFOPLIST_FILE = TheGitHubPeoplApp/Info.plist;
				LD_RUNPATH_SEARCH_PATHS = (
					"$(inherited)",
					"@executable_path/Frameworks",
				);
				PRODUCT_BUNDLE_IDENTIFIER = com.twisted.TheGitHubPeoplApp;
				PRODUCT_NAME = "$(TARGET_NAME)";
				SWIFT_VERSION = 5.0;
				TARGETED_DEVICE_FAMILY = 1;
			};
			name = Debug;
		};
		1BDB59D12511FFDF00931C90 /* Release */ = {
			isa = XCBuildConfiguration;
			buildSettings = {
				ASSETCATALOG_COMPILER_APPICON_NAME = AppIcon;
				CODE_SIGN_STYLE = Automatic;
				DEVELOPMENT_TEAM = UMQAGMF379;
				INFOPLIST_FILE = TheGitHubPeoplApp/Info.plist;
				LD_RUNPATH_SEARCH_PATHS = (
					"$(inherited)",
					"@executable_path/Frameworks",
				);
				PRODUCT_BUNDLE_IDENTIFIER = com.twisted.TheGitHubPeoplApp;
				PRODUCT_NAME = "$(TARGET_NAME)";
				SWIFT_VERSION = 5.0;
				TARGETED_DEVICE_FAMILY = 1;
			};
			name = Release;
		};
/* End XCBuildConfiguration section */

/* Begin XCConfigurationList section */
		1BDB59B62511FFDE00931C90 /* Build configuration list for PBXProject "TheGitHubPeoplApp" */ = {
			isa = XCConfigurationList;
			buildConfigurations = (
				1BDB59CD2511FFDF00931C90 /* Debug */,
				1BDB59CE2511FFDF00931C90 /* Release */,
			);
			defaultConfigurationIsVisible = 0;
			defaultConfigurationName = Release;
		};
		1BDB59CF2511FFDF00931C90 /* Build configuration list for PBXNativeTarget "TheGitHubPeoplApp" */ = {
			isa = XCConfigurationList;
			buildConfigurations = (
				1BDB59D02511FFDF00931C90 /* Debug */,
				1BDB59D12511FFDF00931C90 /* Release */,
			);
			defaultConfigurationIsVisible = 0;
			defaultConfigurationName = Release;
		};
/* End XCConfigurationList section */
	};
	rootObject = 1BDB59B32511FFDE00931C90 /* Project object */;
}
